
Microsoft Visual Studio Solution File, Format Version 12.00
# Visual Studio Version 17
VisualStudioVersion = 17.11.35222.181
MinimumVisualStudioVersion = 10.0.40219.1
Project("{9A19103F-16F7-4668-BE54-9A1E7A4F7556}") = "MqttStatefulServiceModule", "MqttStatefulServiceModule.csproj", "{99CEDAC4-2922-4068-AA99-EF1843EF0416}"
EndProject
Global
	GlobalSection(SolutionConfigurationPlatforms) = preSolution
		Debug|Any CPU = Debug|Any CPU
		Release|Any CPU = Release|Any CPU
	EndGlobalSection
	GlobalSection(ProjectConfigurationPlatforms) = postSolution
		{99CEDAC4-2922-4068-AA99-EF1843EF0416}.Debug|Any CPU.ActiveCfg = Debug|Any CPU
		{99CEDAC4-2922-4068-AA99-EF1843EF0416}.Debug|Any CPU.Build.0 = Debug|Any CPU
		{99CEDAC4-2922-4068-AA99-EF1843EF0416}.Release|Any CPU.ActiveCfg = Release|Any CPU
		{99CEDAC4-2922-4068-AA99-EF1843EF0416}.Release|Any CPU.Build.0 = Release|Any CPU
	EndGlobalSection
	GlobalSection(SolutionProperties) = preSolution
		HideSolutionNode = FALSE
	EndGlobalSection
	GlobalSection(ExtensibilityGlobals) = postSolution
		SolutionGuid = {6B3B0FED-4068-496C-8CE2-EF4A91A0A236}
	EndGlobalSection
EndGlobal
